
Microsoft Visual Studio Solution File, Format Version 12.00
# Visual Studio Version 17
VisualStudioVersion = 17.11.35312.102
MinimumVisualStudioVersion = 10.0.40219.1
Project("{FAE04EC0-301F-11D3-BF4B-00C04F79EFBC}") = "DZ_Lesson_18_AnonymousTypes", "DZ_Lesson_18_AnonymousTypes\DZ_Lesson_18_AnonymousTypes.csproj", "{21D6549F-14B3-48E1-85C5-0700A0BA8928}"
EndProject
Global
	GlobalSection(SolutionConfigurationPlatforms) = preSolution
		Debug|Any CPU = Debug|Any CPU
		Release|Any CPU = Release|Any CPU
	EndGlobalSection
	GlobalSection(ProjectConfigurationPlatforms) = postSolution
		{21D6549F-14B3-48E1-85C5-0700A0BA8928}.Debug|Any CPU.ActiveCfg = Debug|Any CPU
		{21D6549F-14B3-48E1-85C5-0700A0BA8928}.Debug|Any CPU.Build.0 = Debug|Any CPU
		{21D6549F-14B3-48E1-85C5-0700A0BA8928}.Release|Any CPU.ActiveCfg = Release|Any CPU
		{21D6549F-14B3-48E1-85C5-0700A0BA8928}.Release|Any CPU.Build.0 = Release|Any CPU
	EndGlobalSection
	GlobalSection(SolutionProperties) = preSolution
		HideSolutionNode = FALSE
	EndGlobalSection
	GlobalSection(ExtensibilityGlobals) = postSolution
		SolutionGuid = {17040185-DEC1-4933-A1DD-7E396E726FC3}
	EndGlobalSection
EndGlobal
